
Microsoft Visual Studio Solution File, Format Version 12.00
# Visual Studio Version 16
VisualStudioVersion = 16.0.31729.503
MinimumVisualStudioVersion = 10.0.40219.1
Project("{FAE04EC0-301F-11D3-BF4B-00C04F79EFBC}") = "Generic_Filtering_Sorting", "F:\study\Generic_Filtering_Sorting\Generic_Filtering_Sorting\Generic_Filtering_Sorting.csproj", "{8E4E3AF7-3B62-4B9E-BEED-281BE1FB8F8E}"
EndProject
Global
	GlobalSection(SolutionConfigurationPlatforms) = preSolution
		Debug|Any CPU = Debug|Any CPU
		Release|Any CPU = Release|Any CPU
	EndGlobalSection
	GlobalSection(ProjectConfigurationPlatforms) = postSolution
		{8E4E3AF7-3B62-4B9E-BEED-281BE1FB8F8E}.Debug|Any CPU.ActiveCfg = Debug|Any CPU
		{8E4E3AF7-3B62-4B9E-BEED-281BE1FB8F8E}.Debug|Any CPU.Build.0 = Debug|Any CPU
		{8E4E3AF7-3B62-4B9E-BEED-281BE1FB8F8E}.Release|Any CPU.ActiveCfg = Release|Any CPU
		{8E4E3AF7-3B62-4B9E-BEED-281BE1FB8F8E}.Release|Any CPU.Build.0 = Release|Any CPU
	EndGlobalSection
	GlobalSection(SolutionProperties) = preSolution
		HideSolutionNode = FALSE
	EndGlobalSection
	GlobalSection(ExtensibilityGlobals) = postSolution
		SolutionGuid = {E3ECAA40-E5F4-4896-93EF-9D5BE738CFAD}
	EndGlobalSection
EndGlobal
